
Microsoft Visual Studio Solution File, Format Version 12.00
# Visual Studio Version 17
VisualStudioVersion = 17.2.32630.192
MinimumVisualStudioVersion = 10.0.40219.1
Project("{FAE04EC0-301F-11D3-BF4B-00C04F79EFBC}") = "StringManagment", "StringManagment\StringManagment.csproj", "{954D78A3-41CC-4725-9A5C-8833355C918D}"
EndProject
Global
	GlobalSection(SolutionConfigurationPlatforms) = preSolution
		Debug|Any CPU = Debug|Any CPU
		Release|Any CPU = Release|Any CPU
	EndGlobalSection
	GlobalSection(ProjectConfigurationPlatforms) = postSolution
		{954D78A3-41CC-4725-9A5C-8833355C918D}.Debug|Any CPU.ActiveCfg = Debug|Any CPU
		{954D78A3-41CC-4725-9A5C-8833355C918D}.Debug|Any CPU.Build.0 = Debug|Any CPU
		{954D78A3-41CC-4725-9A5C-8833355C918D}.Release|Any CPU.ActiveCfg = Release|Any CPU
		{954D78A3-41CC-4725-9A5C-8833355C918D}.Release|Any CPU.Build.0 = Release|Any CPU
	EndGlobalSection
	GlobalSection(SolutionProperties) = preSolution
		HideSolutionNode = FALSE
	EndGlobalSection
	GlobalSection(ExtensibilityGlobals) = postSolution
		SolutionGuid = {75CE71DE-634A-444D-967E-26C838929A39}
	EndGlobalSection
EndGlobal
