
Microsoft Visual Studio Solution File, Format Version 12.00
# Visual Studio Version 17
VisualStudioVersion = 17.2.32630.192
MinimumVisualStudioVersion = 10.0.40219.1
Project("{FAE04EC0-301F-11D3-BF4B-00C04F79EFBC}") = "NumericCalculator", "NumericCalculator\NumericCalculator.csproj", "{09F84A5F-F27A-4A3F-B294-27C9030310E9}"
EndProject
Global
	GlobalSection(SolutionConfigurationPlatforms) = preSolution
		Debug|Any CPU = Debug|Any CPU
		Release|Any CPU = Release|Any CPU
	EndGlobalSection
	GlobalSection(ProjectConfigurationPlatforms) = postSolution
		{09F84A5F-F27A-4A3F-B294-27C9030310E9}.Debug|Any CPU.ActiveCfg = Debug|Any CPU
		{09F84A5F-F27A-4A3F-B294-27C9030310E9}.Debug|Any CPU.Build.0 = Debug|Any CPU
		{09F84A5F-F27A-4A3F-B294-27C9030310E9}.Release|Any CPU.ActiveCfg = Release|Any CPU
		{09F84A5F-F27A-4A3F-B294-27C9030310E9}.Release|Any CPU.Build.0 = Release|Any CPU
	EndGlobalSection
	GlobalSection(SolutionProperties) = preSolution
		HideSolutionNode = FALSE
	EndGlobalSection
	GlobalSection(ExtensibilityGlobals) = postSolution
		SolutionGuid = {DA609582-34AC-4B1A-9B08-A07A29E70DF8}
	EndGlobalSection
EndGlobal
